
Microsoft Visual Studio Solution File, Format Version 12.00
# Visual Studio 15
VisualStudioVersion = 15.0.28307.168
MinimumVisualStudioVersion = 10.0.40219.1
Project("{FAE04EC0-301F-11D3-BF4B-00C04F79EFBC}") = "DNMOFT.RenaissancePainting", "DNMOFT.RenaissancePainting\DNMOFT.RenaissancePainting.csproj", "{871E2CFC-3052-45D4-880A-4222A0523AC4}"
EndProject
Project("{FAE04EC0-301F-11D3-BF4B-00C04F79EFBC}") = "Pensar", "Pensar\Pensar.csproj", "{6CF23F42-77D6-4D54-9F58-ECC273D2FF50}"
EndProject
Global
	GlobalSection(SolutionConfigurationPlatforms) = preSolution
		Debug|Any CPU = Debug|Any CPU
		Debug|x64 = Debug|x64
		Release|Any CPU = Release|Any CPU
		Release|x64 = Release|x64
	EndGlobalSection
	GlobalSection(ProjectConfigurationPlatforms) = postSolution
		{871E2CFC-3052-45D4-880A-4222A0523AC4}.Debug|Any CPU.ActiveCfg = Debug|Any CPU
		{871E2CFC-3052-45D4-880A-4222A0523AC4}.Debug|Any CPU.Build.0 = Debug|Any CPU
		{871E2CFC-3052-45D4-880A-4222A0523AC4}.Debug|x64.ActiveCfg = Debug|x64
		{871E2CFC-3052-45D4-880A-4222A0523AC4}.Debug|x64.Build.0 = Debug|x64
		{871E2CFC-3052-45D4-880A-4222A0523AC4}.Release|Any CPU.ActiveCfg = Release|Any CPU
		{871E2CFC-3052-45D4-880A-4222A0523AC4}.Release|Any CPU.Build.0 = Release|Any CPU
		{871E2CFC-3052-45D4-880A-4222A0523AC4}.Release|x64.ActiveCfg = Release|x64
		{871E2CFC-3052-45D4-880A-4222A0523AC4}.Release|x64.Build.0 = Release|x64
		{6CF23F42-77D6-4D54-9F58-ECC273D2FF50}.Debug|Any CPU.ActiveCfg = Debug|Any CPU
		{6CF23F42-77D6-4D54-9F58-ECC273D2FF50}.Debug|Any CPU.Build.0 = Debug|Any CPU
		{6CF23F42-77D6-4D54-9F58-ECC273D2FF50}.Debug|x64.ActiveCfg = Debug|x64
		{6CF23F42-77D6-4D54-9F58-ECC273D2FF50}.Debug|x64.Build.0 = Debug|x64
		{6CF23F42-77D6-4D54-9F58-ECC273D2FF50}.Release|Any CPU.ActiveCfg = Release|Any CPU
		{6CF23F42-77D6-4D54-9F58-ECC273D2FF50}.Release|Any CPU.Build.0 = Release|Any CPU
		{6CF23F42-77D6-4D54-9F58-ECC273D2FF50}.Release|x64.ActiveCfg = Release|x64
		{6CF23F42-77D6-4D54-9F58-ECC273D2FF50}.Release|x64.Build.0 = Release|x64
	EndGlobalSection
	GlobalSection(SolutionProperties) = preSolution
		HideSolutionNode = FALSE
	EndGlobalSection
	GlobalSection(ExtensibilityGlobals) = postSolution
		SolutionGuid = {60213EEA-4BB2-4618-BE5F-C6F2781581BD}
	EndGlobalSection
EndGlobal
